
Microsoft Visual Studio Solution File, Format Version 12.00
# Visual Studio Version 17
VisualStudioVersion = 17.5.33502.453
MinimumVisualStudioVersion = 10.0.40219.1
Project("{FAE04EC0-301F-11D3-BF4B-00C04F79EFBC}") = "FilmsApi", "FilmsApi\FilmsApi.csproj", "{A20E42B8-7E54-454F-8D2F-5289A5B7CCB0}"
EndProject
Global
	GlobalSection(SolutionConfigurationPlatforms) = preSolution
		Debug|Any CPU = Debug|Any CPU
		Release|Any CPU = Release|Any CPU
	EndGlobalSection
	GlobalSection(ProjectConfigurationPlatforms) = postSolution
		{A20E42B8-7E54-454F-8D2F-5289A5B7CCB0}.Debug|Any CPU.ActiveCfg = Debug|Any CPU
		{A20E42B8-7E54-454F-8D2F-5289A5B7CCB0}.Debug|Any CPU.Build.0 = Debug|Any CPU
		{A20E42B8-7E54-454F-8D2F-5289A5B7CCB0}.Release|Any CPU.ActiveCfg = Release|Any CPU
		{A20E42B8-7E54-454F-8D2F-5289A5B7CCB0}.Release|Any CPU.Build.0 = Release|Any CPU
	EndGlobalSection
	GlobalSection(SolutionProperties) = preSolution
		HideSolutionNode = FALSE
	EndGlobalSection
	GlobalSection(ExtensibilityGlobals) = postSolution
		SolutionGuid = {FE47A6CC-3EBE-4905-8170-267535B911F6}
	EndGlobalSection
EndGlobal
